// !$*UTF8*$!
{
	archiveVersion = 1;
	classes = {
	};
	objectVersion = 46;
	objects = {

/* Begin PBXBuildFile section */
		4A25EEBB1BCCB11A00E5229D /* main.m in Sources */ = {isa = PBXBuildFile; fileRef = 4A25EEBA1BCCB11A00E5229D /* main.m */; };
		4A25EEBE1BCCB11A00E5229D /* AppDelegate.m in Sources */ = {isa = PBXBuildFile; fileRef = 4A25EEBD1BCCB11A00E5229D /* AppDelegate.m */; };
		4A25EEC11BCCB11A00E5229D /* FirstViewController.m in Sources */ = {isa = PBXBuildFile; fileRef = 4A25EEC01BCCB11A00E5229D /* FirstViewController.m */; };
		4A25EEC41BCCB11A00E5229D /* SecondViewController.m in Sources */ = {isa = PBXBuildFile; fileRef = 4A25EEC31BCCB11A00E5229D /* SecondViewController.m */; };
		4A25EEC71BCCB11A00E5229D /* Main.storyboard in Resources */ = {isa = PBXBuildFile; fileRef = 4A25EEC51BCCB11A00E5229D /* Main.storyboard */; };
		4A25EEC91BCCB11A00E5229D /* Images.xcassets in Resources */ = {isa = PBXBuildFile; fileRef = 4A25EEC81BCCB11A00E5229D /* Images.xcassets */; };
		4A25EECC1BCCB11B00E5229D /* LaunchScreen.xib in Resources */ = {isa = PBXBuildFile; fileRef = 4A25EECA1BCCB11B00E5229D /* LaunchScreen.xib */; };
		4A25EED81BCCB11B00E5229D /* newdoc_iosTests.m in Sources */ = {isa = PBXBuildFile; fileRef = 4A25EED71BCCB11B00E5229D /* newdoc_iosTests.m */; };
/* End PBXBuildFile section */

/* Begin PBXContainerItemProxy section */
		4A25EED21BCCB11B00E5229D /* PBXContainerItemProxy */ = {
			isa = PBXContainerItemProxy;
			containerPortal = 4A25EEAD1BCCB11A00E5229D /* Project object */;
			proxyType = 1;
			remoteGlobalIDString = 4A25EEB41BCCB11A00E5229D;
			remoteInfo = newdoc_ios;
		};
/* End PBXContainerItemProxy section */

/* Begin PBXFileReference section */
		4A25EEB51BCCB11A00E5229D /* newdoc_ios.app */ = {isa = PBXFileReference; explicitFileType = wrapper.application; includeInIndex = 0; path = newdoc_ios.app; sourceTree = BUILT_PRODUCTS_DIR; };
		4A25EEB91BCCB11A00E5229D /* Info.plist */ = {isa = PBXFileReference; lastKnownFileType = text.plist.xml; path = Info.plist; sourceTree = "<group>"; };
		4A25EEBA1BCCB11A00E5229D /* main.m */ = {isa = PBXFileReference; lastKnownFileType = sourcecode.c.objc; path = main.m; sourceTree = "<group>"; };
		4A25EEBC1BCCB11A00E5229D /* AppDelegate.h */ = {isa = PBXFileReference; lastKnownFileType = sourcecode.c.h; path = AppDelegate.h; sourceTree = "<group>"; };
		4A25EEBD1BCCB11A00E5229D /* AppDelegate.m */ = {isa = PBXFileReference; lastKnownFileType = sourcecode.c.objc; path = AppDelegate.m; sourceTree = "<group>"; };
		4A25EEBF1BCCB11A00E5229D /* FirstViewController.h */ = {isa = PBXFileReference; lastKnownFileType = sourcecode.c.h; path = FirstViewController.h; sourceTree = "<group>"; };
		4A25EEC01BCCB11A00E5229D /* FirstViewController.m */ = {isa = PBXFileReference; lastKnownFileType = sourcecode.c.objc; path = FirstViewController.m; sourceTree = "<group>"; };
		4A25EEC21BCCB11A00E5229D /* SecondViewController.h */ = {isa = PBXFileReference; lastKnownFileType = sourcecode.c.h; path = SecondViewController.h; sourceTree = "<group>"; };
		4A25EEC31BCCB11A00E5229D /* SecondViewController.m */ = {isa = PBXFileReference; lastKnownFileType = sourcecode.c.objc; path = SecondViewController.m; sourceTree = "<group>"; };
		4A25EEC61BCCB11A00E5229D /* Base */ = {isa = PBXFileReference; lastKnownFileType = file.storyboard; name = Base; path = Base.lproj/Main.storyboard; sourceTree = "<group>"; };
		4A25EEC81BCCB11A00E5229D /* Images.xcassets */ = {isa = PBXFileReference; lastKnownFileType = folder.assetcatalog; path = Images.xcassets; sourceTree = "<group>"; };
		4A25EECB1BCCB11B00E5229D /* Base */ = {isa = PBXFileReference; lastKnownFileType = file.xib; name = Base; path = Base.lproj/LaunchScreen.xib; sourceTree = "<group>"; };
		4A25EED11BCCB11B00E5229D /* newdoc_iosTests.xctest */ = {isa = PBXFileReference; explicitFileType = wrapper.cfbundle; includeInIndex = 0; path = newdoc_iosTests.xctest; sourceTree = BUILT_PRODUCTS_DIR; };
		4A25EED61BCCB11B00E5229D /* Info.plist */ = {isa = PBXFileReference; lastKnownFileType = text.plist.xml; path = Info.plist; sourceTree = "<group>"; };
		4A25EED71BCCB11B00E5229D /* newdoc_iosTests.m */ = {isa = PBXFileReference; lastKnownFileType = sourcecode.c.objc; path = newdoc_iosTests.m; sourceTree = "<group>"; };
/* End PBXFileReference section */

/* Begin PBXFrameworksBuildPhase section */
		4A25EEB21BCCB11A00E5229D /* Frameworks */ = {
			isa = PBXFrameworksBuildPhase;
			buildActionMask = 2147483647;
			files = (
			);
			runOnlyForDeploymentPostprocessing = 0;
		};
		4A25EECE1BCCB11B00E5229D /* Frameworks */ = {
			isa = PBXFrameworksBuildPhase;
			buildActionMask = 2147483647;
			files = (
			);
			runOnlyForDeploymentPostprocessing = 0;
		};
/* End PBXFrameworksBuildPhase section */

/* Begin PBXGroup section */
		4A25EEAC1BCCB11A00E5229D = {
			isa = PBXGroup;
			children = (
				4A25EEB71BCCB11A00E5229D /* newdoc_ios */,
				4A25EED41BCCB11B00E5229D /* newdoc_iosTests */,
				4A25EEB61BCCB11A00E5229D /* Products */,
			);
			sourceTree = "<group>";
		};
		4A25EEB61BCCB11A00E5229D /* Products */ = {
			isa = PBXGroup;
			children = (
				4A25EEB51BCCB11A00E5229D /* newdoc_ios.app */,
				4A25EED11BCCB11B00E5229D /* newdoc_iosTests.xctest */,
			);
			name = Products;
			sourceTree = "<group>";
		};
		4A25EEB71BCCB11A00E5229D /* newdoc_ios */ = {
			isa = PBXGroup;
			children = (
				4A25EEBC1BCCB11A00E5229D /* AppDelegate.h */,
				4A25EEBD1BCCB11A00E5229D /* AppDelegate.m */,
				4A25EEBF1BCCB11A00E5229D /* FirstViewController.h */,
				4A25EEC01BCCB11A00E5229D /* FirstViewController.m */,
				4A25EEC21BCCB11A00E5229D /* SecondViewController.h */,
				4A25EEC31BCCB11A00E5229D /* SecondViewController.m */,
				4A25EEC51BCCB11A00E5229D /* Main.storyboard */,
				4A25EEC81BCCB11A00E5229D /* Images.xcassets */,
				4A25EECA1BCCB11B00E5229D /* LaunchScreen.xib */,
				4A25EEB81BCCB11A00E5229D /* Supporting Files */,
			);
			path = newdoc_ios;
			sourceTree = "<group>";
		};
		4A25EEB81BCCB11A00E5229D /* Supporting Files */ = {
			isa = PBXGroup;
			children = (
				4A25EEB91BCCB11A00E5229D /* Info.plist */,
				4A25EEBA1BCCB11A00E5229D /* main.m */,
			);
			name = "Supporting Files";
			sourceTree = "<group>";
		};
		4A25EED41BCCB11B00E5229D /* newdoc_iosTests */ = {
			isa = PBXGroup;
			children = (
				4A25EED71BCCB11B00E5229D /* newdoc_iosTests.m */,
				4A25EED51BCCB11B00E5229D /* Supporting Files */,
			);
			path = newdoc_iosTests;
			sourceTree = "<group>";
		};
		4A25EED51BCCB11B00E5229D /* Supporting Files */ = {
			isa = PBXGroup;
			children = (
				4A25EED61BCCB11B00E5229D /* Info.plist */,
			);
			name = "Supporting Files";
			sourceTree = "<group>";
		};
/* End PBXGroup section */

/* Begin PBXNativeTarget section */
		4A25EEB41BCCB11A00E5229D /* newdoc_ios */ = {
			isa = PBXNativeTarget;
			buildConfigurationList = 4A25EEDB1BCCB11B00E5229D /* Build configuration list for PBXNativeTarget "newdoc_ios" */;
			buildPhases = (
				4A25EEB11BCCB11A00E5229D /* Sources */,
				4A25EEB21BCCB11A00E5229D /* Frameworks */,
				4A25EEB31BCCB11A00E5229D /* Resources */,
			);
			buildRules = (
			);
			dependencies = (
			);
			name = newdoc_ios;
			productName = newdoc_ios;
			productReference = 4A25EEB51BCCB11A00E5229D /* newdoc_ios.app */;
			productType = "com.apple.product-type.application";
		};
		4A25EED01BCCB11B00E5229D /* newdoc_iosTests */ = {
			isa = PBXNativeTarget;
			buildConfigurationList = 4A25EEDE1BCCB11B00E5229D /* Build configuration list for PBXNativeTarget "newdoc_iosTests" */;
			buildPhases = (
				4A25EECD1BCCB11B00E5229D /* Sources */,
				4A25EECE1BCCB11B00E5229D /* Frameworks */,
				4A25EECF1BCCB11B00E5229D /* Resources */,
			);
			buildRules = (
			);
			dependencies = (
				4A25EED31BCCB11B00E5229D /* PBXTargetDependency */,
			);
			name = newdoc_iosTests;
			productName = newdoc_iosTests;
			productReference = 4A25EED11BCCB11B00E5229D /* newdoc_iosTests.xctest */;
			productType = "com.apple.product-type.bundle.unit-test";
		};
/* End PBXNativeTarget section */

/* Begin PBXProject section */
		4A25EEAD1BCCB11A00E5229D /* Project object */ = {
			isa = PBXProject;
			attributes = {
				LastUpgradeCheck = 0640;
				ORGANIZATIONNAME = Meluo;
				TargetAttributes = {
					4A25EEB41BCCB11A00E5229D = {
						CreatedOnToolsVersion = 6.4;
					};
					4A25EED01BCCB11B00E5229D = {
						CreatedOnToolsVersion = 6.4;
						TestTargetID = 4A25EEB41BCCB11A00E5229D;
					};
				};
			};
			buildConfigurationList = 4A25EEB01BCCB11A00E5229D /* Build configuration list for PBXProject "newdoc_ios" */;
			compatibilityVersion = "Xcode 3.2";
			developmentRegion = English;
			hasScannedForEncodings = 0;
			knownRegions = (
				en,
				Base,
			);
			mainGroup = 4A25EEAC1BCCB11A00E5229D;
			productRefGroup = 4A25EEB61BCCB11A00E5229D /* Products */;
			projectDirPath = "";
			projectRoot = "";
			targets = (
				4A25EEB41BCCB11A00E5229D /* newdoc_ios */,
				4A25EED01BCCB11B00E5229D /* newdoc_iosTests */,
			);
		};
/* End PBXProject section */

/* Begin PBXResourcesBuildPhase section */
		4A25EEB31BCCB11A00E5229D /* Resources */ = {
			isa = PBXResourcesBuildPhase;
			buildActionMask = 2147483647;
			files = (
				4A25EEC71BCCB11A00E5229D /* Main.storyboard in Resources */,
				4A25EECC1BCCB11B00E5229D /* LaunchScreen.xib in Resources */,
				4A25EEC91BCCB11A00E5229D /* Images.xcassets in Resources */,
			);
			runOnlyForDeploymentPostprocessing = 0;
		};
		4A25EECF1BCCB11B00E5229D /* Resources */ = {
			isa = PBXResourcesBuildPhase;
			buildActionMask = 2147483647;
			files = (
			);
			runOnlyForDeploymentPostprocessing = 0;
		};
/* End PBXResourcesBuildPhase section */

/* Begin PBXSourcesBuildPhase section */
		4A25EEB11BCCB11A00E5229D /* Sources */ = {
			isa = PBXSourcesBuildPhase;
			buildActionMask = 2147483647;
			files = (
				4A25EEC41BCCB11A00E5229D /* SecondViewController.m in Sources */,
				4A25EEBE1BCCB11A00E5229D /* AppDelegate.m in Sources */,
				4A25EEC11BCCB11A00E5229D /* FirstViewController.m in Sources */,
				4A25EEBB1BCCB11A00E5229D /* main.m in Sources */,
			);
			runOnlyForDeploymentPostprocessing = 0;
		};
		4A25EECD1BCCB11B00E5229D /* Sources */ = {
			isa = PBXSourcesBuildPhase;
			buildActionMask = 2147483647;
			files = (
				4A25EED81BCCB11B00E5229D /* newdoc_iosTests.m in Sources */,
			);
			runOnlyForDeploymentPostprocessing = 0;
		};
/* End PBXSourcesBuildPhase section */

/* Begin PBXTargetDependency section */
		4A25EED31BCCB11B00E5229D /* PBXTargetDependency */ = {
			isa = PBXTargetDependency;
			target = 4A25EEB41BCCB11A00E5229D /* newdoc_ios */;
			targetProxy = 4A25EED21BCCB11B00E5229D /* PBXContainerItemProxy */;
		};
/* End PBXTargetDependency section */

/* Begin PBXVariantGroup section */
		4A25EEC51BCCB11A00E5229D /* Main.storyboard */ = {
			isa = PBXVariantGroup;
			children = (
				4A25EEC61BCCB11A00E5229D /* Base */,
			);
			name = Main.storyboard;
			sourceTree = "<group>";
		};
		4A25EECA1BCCB11B00E5229D /* LaunchScreen.xib */ = {
			isa = PBXVariantGroup;
			children = (
				4A25EECB1BCCB11B00E5229D /* Base */,
			);
			name = LaunchScreen.xib;
			sourceTree = "<group>";
		};
/* End PBXVariantGroup section */

/* Begin XCBuildConfiguration section */
		4A25EED91BCCB11B00E5229D /* Debug */ = {
			isa = XCBuildConfiguration;
			buildSettings = {
				ALWAYS_SEARCH_USER_PATHS = NO;
				CLANG_CXX_LANGUAGE_STANDARD = "gnu++0x";
				CLANG_CXX_LIBRARY = "libc++";
				CLANG_ENABLE_MODULES = YES;
				CLANG_ENABLE_OBJC_ARC = YES;
				CLANG_WARN_BOOL_CONVERSION = YES;
				CLANG_WARN_CONSTANT_CONVERSION = YES;
				CLANG_WARN_DIRECT_OBJC_ISA_USAGE = YES_ERROR;
				CLANG_WARN_EMPTY_BODY = YES;
				CLANG_WARN_ENUM_CONVERSION = YES;
				CLANG_WARN_INT_CONVERSION = YES;
				CLANG_WARN_OBJC_ROOT_CLASS = YES_ERROR;
				CLANG_WARN_UNREACHABLE_CODE = YES;
				CLANG_WARN__DUPLICATE_METHOD_MATCH = YES;
				"CODE_SIGN_IDENTITY[sdk=iphoneos*]" = "iPhone Developer";
				COPY_PHASE_STRIP = NO;
				DEBUG_INFORMATION_FORMAT = "dwarf-with-dsym";
				ENABLE_STRICT_OBJC_MSGSEND = YES;
				GCC_C_LANGUAGE_STANDARD = gnu99;
				GCC_DYNAMIC_NO_PIC = NO;
				GCC_NO_COMMON_BLOCKS = YES;
				GCC_OPTIMIZATION_LEVEL = 0;
				GCC_PREPROCESSOR_DEFINITIONS = (
					"DEBUG=1",
					"$(inherited)",
				);
				GCC_SYMBOLS_PRIVATE_EXTERN = NO;
				GCC_WARN_64_TO_32_BIT_CONVERSION = YES;
				GCC_WARN_ABOUT_RETURN_TYPE = YES_ERROR;
				GCC_WARN_UNDECLARED_SELECTOR = YES;
				GCC_WARN_UNINITIALIZED_AUTOS = YES_AGGRESSIVE;
				GCC_WARN_UNUSED_FUNCTION = YES;
				GCC_WARN_UNUSED_VARIABLE = YES;
				IPHONEOS_DEPLOYMENT_TARGET = 8.4;
				MTL_ENABLE_DEBUG_INFO = YES;
				ONLY_ACTIVE_ARCH = YES;
				SDKROOT = iphoneos;
			};
			name = Debug;
		};
		4A25EEDA1BCCB11B00E5229D /* Release */ = {
			isa = XCBuildConfiguration;
			buildSettings = {
				ALWAYS_SEARCH_USER_PATHS = NO;
				CLANG_CXX_LANGUAGE_STANDARD = "gnu++0x";
				CLANG_CXX_LIBRARY = "libc++";
				CLANG_ENABLE_MODULES = YES;
				CLANG_ENABLE_OBJC_ARC = YES;
				CLANG_WARN_BOOL_CONVERSION = YES;
				CLANG_WARN_CONSTANT_CONVERSION = YES;
				CLANG_WARN_DIRECT_OBJC_ISA_USAGE = YES_ERROR;
				CLANG_WARN_EMPTY_BODY = YES;
				CLANG_WARN_ENUM_CONVERSION = YES;
				CLANG_WARN_INT_CONVERSION = YES;
				CLANG_WARN_OBJC_ROOT_CLASS = YES_ERROR;
				CLANG_WARN_UNREACHABLE_CODE = YES;
				CLANG_WARN__DUPLICATE_METHOD_MATCH = YES;
				"CODE_SIGN_IDENTITY[sdk=iphoneos*]" = "iPhone Developer";
				COPY_PHASE_STRIP = NO;
				DEBUG_INFORMATION_FORMAT = "dwarf-with-dsym";
				ENABLE_NS_ASSERTIONS = NO;
				ENABLE_STRICT_OBJC_MSGSEND = YES;
				GCC_C_LANGUAGE_STANDARD = gnu99;
				GCC_NO_COMMON_BLOCKS = YES;
				GCC_WARN_64_TO_32_BIT_CONVERSION = YES;
				GCC_WARN_ABOUT_RETURN_TYPE = YES_ERROR;
				GCC_WARN_UNDECLARED_SELECTOR = YES;
				GCC_WARN_UNINITIALIZED_AUTOS = YES_AGGRESSIVE;
				GCC_WARN_UNUSED_FUNCTION = YES;
				GCC_WARN_UNUSED_VARIABLE = YES;
				IPHONEOS_DEPLOYMENT_TARGET = 8.4;
				MTL_ENABLE_DEBUG_INFO = NO;
				SDKROOT = iphoneos;
				VALIDATE_PRODUCT = YES;
			};
			name = Release;
		};
		4A25EEDC1BCCB11B00E5229D /* Debug */ = {
			isa = XCBuildConfiguration;
			buildSettings = {
				ASSETCATALOG_COMPILER_APPICON_NAME = AppIcon;
				INFOPLIST_FILE = newdoc_ios/Info.plist;
				LD_RUNPATH_SEARCH_PATHS = "$(inherited) @executable_path/Frameworks";
				PRODUCT_NAME = "$(TARGET_NAME)";
			};
			name = Debug;
		};
		4A25EEDD1BCCB11B00E5229D /* Release */ = {
			isa = XCBuildConfiguration;
			buildSettings = {
				ASSETCATALOG_COMPILER_APPICON_NAME = AppIcon;
				INFOPLIST_FILE = newdoc_ios/Info.plist;
				LD_RUNPATH_SEARCH_PATHS = "$(inherited) @executable_path/Frameworks";
				PRODUCT_NAME = "$(TARGET_NAME)";
			};
			name = Release;
		};
		4A25EEDF1BCCB11B00E5229D /* Debug */ = {
			isa = XCBuildConfiguration;
			buildSettings = {
				BUNDLE_LOADER = "$(TEST_HOST)";
				FRAMEWORK_SEARCH_PATHS = (
					"$(SDKROOT)/Developer/Library/Frameworks",
					"$(inherited)",
				);
				GCC_PREPROCESSOR_DEFINITIONS = (
					"DEBUG=1",
					"$(inherited)",
				);
				INFOPLIST_FILE = newdoc_iosTests/Info.plist;
				LD_RUNPATH_SEARCH_PATHS = "$(inherited) @executable_path/Frameworks @loader_path/Frameworks";
				PRODUCT_NAME = "$(TARGET_NAME)";
				TEST_HOST = "$(BUILT_PRODUCTS_DIR)/newdoc_ios.app/newdoc_ios";
			};
			name = Debug;
		};
		4A25EEE01BCCB11B00E5229D /* Release */ = {
			isa = XCBuildConfiguration;
			buildSettings = {
				BUNDLE_LOADER = "$(TEST_HOST)";
				FRAMEWORK_SEARCH_PATHS = (
					"$(SDKROOT)/Developer/Library/Frameworks",
					"$(inherited)",
				);
				INFOPLIST_FILE = newdoc_iosTests/Info.plist;
				LD_RUNPATH_SEARCH_PATHS = "$(inherited) @executable_path/Frameworks @loader_path/Frameworks";
				PRODUCT_NAME = "$(TARGET_NAME)";
				TEST_HOST = "$(BUILT_PRODUCTS_DIR)/newdoc_ios.app/newdoc_ios";
			};
			name = Release;
		};
/* End XCBuildConfiguration section */

/* Begin XCConfigurationList section */
		4A25EEB01BCCB11A00E5229D /* Build configuration list for PBXProject "newdoc_ios" */ = {
			isa = XCConfigurationList;
			buildConfigurations = (
				4A25EED91BCCB11B00E5229D /* Debug */,
				4A25EEDA1BCCB11B00E5229D /* Release */,
			);
			defaultConfigurationIsVisible = 0;
			defaultConfigurationName = Release;
		};
		4A25EEDB1BCCB11B00E5229D /* Build configuration list for PBXNativeTarget "newdoc_ios" */ = {
			isa = XCConfigurationList;
			buildConfigurations = (
				4A25EEDC1BCCB11B00E5229D /* Debug */,
				4A25EEDD1BCCB11B00E5229D /* Release */,
			);
			defaultConfigurationIsVisible = 0;
		};
		4A25EEDE1BCCB11B00E5229D /* Build configuration list for PBXNativeTarget "newdoc_iosTests" */ = {
			isa = XCConfigurationList;
			buildConfigurations = (
				4A25EEDF1BCCB11B00E5229D /* Debug */,
				4A25EEE01BCCB11B00E5229D /* Release */,
			);
			defaultConfigurationIsVisible = 0;
		};
/* End XCConfigurationList section */
	};
	rootObject = 4A25EEAD1BCCB11A00E5229D /* Project object */;
}
